
Microsoft Visual Studio Solution File, Format Version 12.00
# Visual Studio Version 17
VisualStudioVersion = 17.11.35222.181
MinimumVisualStudioVersion = 10.0.40219.1
Project("{FAE04EC0-301F-11D3-BF4B-00C04F79EFBC}") = "KoiOrderingSystem", "KoiOrderingSystem\KoiOrderingSystem.csproj", "{C1893CB3-7D44-44D2-93B8-E557088DC0A0}"
EndProject
Global
	GlobalSection(SolutionConfigurationPlatforms) = preSolution
		Debug|Any CPU = Debug|Any CPU
		Release|Any CPU = Release|Any CPU
	EndGlobalSection
	GlobalSection(ProjectConfigurationPlatforms) = postSolution
		{C1893CB3-7D44-44D2-93B8-E557088DC0A0}.Debug|Any CPU.ActiveCfg = Debug|Any CPU
		{C1893CB3-7D44-44D2-93B8-E557088DC0A0}.Debug|Any CPU.Build.0 = Debug|Any CPU
		{C1893CB3-7D44-44D2-93B8-E557088DC0A0}.Release|Any CPU.ActiveCfg = Release|Any CPU
		{C1893CB3-7D44-44D2-93B8-E557088DC0A0}.Release|Any CPU.Build.0 = Release|Any CPU
	EndGlobalSection
	GlobalSection(SolutionProperties) = preSolution
		HideSolutionNode = FALSE
	EndGlobalSection
	GlobalSection(ExtensibilityGlobals) = postSolution
		SolutionGuid = {E2003BEF-A3D6-4DA6-A1B9-C3142C12DE4F}
	EndGlobalSection
EndGlobal
